PODS:
  - Alamofire (5.1.0)
  - CryptoSwift (1.3.1)
  - Differentiator (4.0.1)
  - DropDown (2.3.13)
  - GoogleMaps (4.1.0):
    - GoogleMaps/Maps (= 4.1.0)
  - GoogleMaps/Base (4.1.0)
  - GoogleMaps/Maps (4.1.0):
    - GoogleMaps/Base
  - GooglePlaces (4.1.0):
    - GoogleMaps/Base (= 4.1.0)
  - Kingfisher (5.13.4):
    - Kingfisher/Core (= 5.13.4)
  - Kingfisher/Core (5.13.4)
  - MarqueeLabel/Swift (3.2.1)
  - ObjectMapper (3.5.2)
  - QuickLayout (3.0.0)
  - Realm (5.0.2):
    - Realm/Headers (= 5.0.2)
  - Realm/Headers (5.0.2)
  - RealmSwift (5.0.2):
    - Realm (= 5.0.2)
  - RxAlamofire (5.3.1):
    - RxAlamofire/Core (= 5.3.1)
  - RxAlamofire/Core (5.3.1):
    - Alamofire (~> 5.1)
    - RxSwift (~> 5.1)
  - RxCocoa (5.1.1):
    - RxRelay (~> 5)
    - RxSwift (~> 5)
  - RxDataSources (4.0.1):
    - Differentiator (~> 4.0)
    - RxCocoa (~> 5.0)
    - RxSwift (~> 5.0)
  - RxRelay (5.1.1):
    - RxSwift (~> 5)
  - RxSwift (5.1.1)
  - SnapKit (5.0.1)
  - SwiftEntryKit (1.0.2):
    - QuickLayout (= 3.0.0)
  - SwiftyRSA (1.5.0):
    - SwiftyRSA/ObjC (= 1.5.0)
  - SwiftyRSA/ObjC (1.5.0)
  - Toast-Swift (5.0.1)

DEPENDENCIES:
  - Alamofire
  - CryptoSwift
  - DropDown
  - GoogleMaps
  - GooglePlaces
  - Kingfisher
  - MarqueeLabel/Swift
  - ObjectMapper
  - RealmSwift
  - RxAlamofire
  - RxCocoa
  - RxDataSources
  - RxSwift
  - SnapKit
  - SwiftEntryKit (= 1.0.2)
  - SwiftyRSA
  - Toast-Swift

SPEC REPOS:
  trunk:
    - Alamofire
    - CryptoSwift
    - Differentiator
    - DropDown
    - GoogleMaps
    - GooglePlaces
    - Kingfisher
    - MarqueeLabel
    - ObjectMapper
    - QuickLayout
    - Realm
    - RealmSwift
    - RxAlamofire
    - RxCocoa
    - RxDataSources
    - RxRelay
    - RxSwift
    - SnapKit
    - SwiftEntryKit
    - SwiftyRSA
    - Toast-Swift

SPEC CHECKSUMS:
  Alamofire: 9d5c5f602928e512395b30950c5984eca840093c
  CryptoSwift: f12f037f6d0fcd6d48c96db0071b653de64e6c4d
  Differentiator: 886080237d9f87f322641dedbc5be257061b0602
  DropDown: 8a2116376c1981888557f72ec2ffc9a5e0e456ec
  GoogleMaps: 008e2c80e38605b56b560e8deb73d4194ff30bef
  GooglePlaces: a058b776259c13e1323c9ff135549cb1b13ad8e7
  Kingfisher: d2279a7abece3c7f25a80cd2b7f363ca5cf3f44c
  MarqueeLabel: 2daf039bf916937c8a4c9adfc13577cc5e51b4ce
  ObjectMapper: b53ae947d370bf89423e86be7d4e2d2b2a8d3f40
  QuickLayout: 07b45a72b10083fee3f095990cfed1c1e7b27f0a
  Realm: 6b6f096671b64b04d08974177cabb2ff9343d153
  RealmSwift: a3db6be0488bf3e1d5314c2956cefe98a65cdd01
  RxAlamofire: 15502b290253fab68688dafd60914c6390e9cc73
  RxCocoa: 32065309a38d29b5b0db858819b5bf9ef038b601
  RxDataSources: efee07fa4de48477eca0a4611e6d11e2da9c1114
  RxRelay: d77f7d771495f43c556cbc43eebd1bb54d01e8e9
  RxSwift: 81470a2074fa8780320ea5fe4102807cb7118178
  SnapKit: 97b92857e3df3a0c71833cce143274bf6ef8e5eb
  SwiftEntryKit: 7bcd42b3dbff59c431d60d6513129fd3679e4aaf
  SwiftyRSA: 6e528fb1b1a87d5111c48081083b141d6d65f1cf
  Toast-Swift: 9b6a70f28b3bf0b96c40d46c0c4b9d6639846711

PODFILE CHECKSUM: 26da854069a9eeda286652b0e7fa240eb5f7c5c4

COCOAPODS: 1.9.2
